// !$*UTF8*$!
{
	archiveVersion = 1;
	classes = {
	};
	objectVersion = 46;
	objects = {

/* Begin PBXBuildFile section */
		4BA0F68C1C5A5FE70099AAF9 /* AppDelegate.swift in Sources */ = {isa = PBXBuildFile; fileRef = 4BA0F68B1C5A5FE70099AAF9 /* AppDelegate.swift */; };
		4BA0F68E1C5A5FE70099AAF9 /* ViewController.swift in Sources */ = {isa = PBXBuildFile; fileRef = 4BA0F68D1C5A5FE70099AAF9 /* ViewController.swift */; };
		4BA0F6911C5A5FE70099AAF9 /* Main.storyboard in Resources */ = {isa = PBXBuildFile; fileRef = 4BA0F68F1C5A5FE70099AAF9 /* Main.storyboard */; };
		4BA0F6931C5A5FE70099AAF9 /* Assets.xcassets in Resources */ = {isa = PBXBuildFile; fileRef = 4BA0F6921C5A5FE70099AAF9 /* Assets.xcassets */; };
		4BA0F6961C5A5FE70099AAF9 /* LaunchScreen.storyboard in Resources */ = {isa = PBXBuildFile; fileRef = 4BA0F6941C5A5FE70099AAF9 /* LaunchScreen.storyboard */; };
		4BA0F6A11C5A5FE70099AAF9 /* StopwatchTests.swift in Sources */ = {isa = PBXBuildFile; fileRef = 4BA0F6A01C5A5FE70099AAF9 /* StopwatchTests.swift */; };
		4BA0F6AC1C5A5FE70099AAF9 /* StopwatchUITests.swift in Sources */ = {isa = PBXBuildFile; fileRef = 4BA0F6AB1C5A5FE70099AAF9 /* StopwatchUITests.swift */; };
/* End PBXBuildFile section */

/* Begin PBXContainerItemProxy section */
		4BA0F69D1C5A5FE70099AAF9 /* PBXContainerItemProxy */ = {
			isa = PBXContainerItemProxy;
			containerPortal = 4BA0F6801C5A5FE70099AAF9 /* Project object */;
			proxyType = 1;
			remoteGlobalIDString = 4BA0F6871C5A5FE70099AAF9;
			remoteInfo = Stopwatch;
		};
		4BA0F6A81C5A5FE70099AAF9 /* PBXContainerItemProxy */ = {
			isa = PBXContainerItemProxy;
			containerPortal = 4BA0F6801C5A5FE70099AAF9 /* Project object */;
			proxyType = 1;
			remoteGlobalIDString = 4BA0F6871C5A5FE70099AAF9;
			remoteInfo = Stopwatch;
		};
/* End PBXContainerItemProxy section */

/* Begin PBXFileReference section */
		4BA0F6881C5A5FE70099AAF9 /* Stopwatch.app */ = {isa = PBXFileReference; explicitFileType = wrapper.application; includeInIndex = 0; path = Stopwatch.app; sourceTree = BUILT_PRODUCTS_DIR; };
		4BA0F68B1C5A5FE70099AAF9 /* AppDelegate.swift */ = {isa = PBXFileReference; lastKnownFileType = sourcecode.swift; path = AppDelegate.swift; sourceTree = "<group>"; };
		4BA0F68D1C5A5FE70099AAF9 /* ViewController.swift */ = {isa = PBXFileReference; lastKnownFileType = sourcecode.swift; path = ViewController.swift; sourceTree = "<group>"; };
		4BA0F6901C5A5FE70099AAF9 /* Base */ = {isa = PBXFileReference; lastKnownFileType = file.storyboard; name = Base; path = Base.lproj/Main.storyboard; sourceTree = "<group>"; };
		4BA0F6921C5A5FE70099AAF9 /* Assets.xcassets */ = {isa = PBXFileReference; lastKnownFileType = folder.assetcatalog; path = Assets.xcassets; sourceTree = "<group>"; };
		4BA0F6951C5A5FE70099AAF9 /* Base */ = {isa = PBXFileReference; lastKnownFileType = file.storyboard; name = Base; path = Base.lproj/LaunchScreen.storyboard; sourceTree = "<group>"; };
		4BA0F6971C5A5FE70099AAF9 /* Info.plist */ = {isa = PBXFileReference; lastKnownFileType = text.plist.xml; path = Info.plist; sourceTree = "<group>"; };
		4BA0F69C1C5A5FE70099AAF9 /* StopwatchTests.xctest */ = {isa = PBXFileReference; explicitFileType = wrapper.cfbundle; includeInIndex = 0; path = StopwatchTests.xctest; sourceTree = BUILT_PRODUCTS_DIR; };
		4BA0F6A01C5A5FE70099AAF9 /* StopwatchTests.swift */ = {isa = PBXFileReference; lastKnownFileType = sourcecode.swift; path = StopwatchTests.swift; sourceTree = "<group>"; };
		4BA0F6A21C5A5FE70099AAF9 /* Info.plist */ = {isa = PBXFileReference; lastKnownFileType = text.plist.xml; path = Info.plist; sourceTree = "<group>"; };
		4BA0F6A71C5A5FE70099AAF9 /* StopwatchUITests.xctest */ = {isa = PBXFileReference; explicitFileType = wrapper.cfbundle; includeInIndex = 0; path = StopwatchUITests.xctest; sourceTree = BUILT_PRODUCTS_DIR; };
		4BA0F6AB1C5A5FE70099AAF9 /* StopwatchUITests.swift */ = {isa = PBXFileReference; lastKnownFileType = sourcecode.swift; path = StopwatchUITests.swift; sourceTree = "<group>"; };
		4BA0F6AD1C5A5FE70099AAF9 /* Info.plist */ = {isa = PBXFileReference; lastKnownFileType = text.plist.xml; path = Info.plist; sourceTree = "<group>"; };
/* End PBXFileReference section */

/* Begin PBXFrameworksBuildPhase section */
		4BA0F6851C5A5FE70099AAF9 /* Frameworks */ = {
			isa = PBXFrameworksBuildPhase;
			buildActionMask = 2147483647;
			files = (
			);
			runOnlyForDeploymentPostprocessing = 0;
		};
		4BA0F6991C5A5FE70099AAF9 /* Frameworks */ = {
			isa = PBXFrameworksBuildPhase;
			buildActionMask = 2147483647;
			files = (
			);
			runOnlyForDeploymentPostprocessing = 0;
		};
		4BA0F6A41C5A5FE70099AAF9 /* Frameworks */ = {
			isa = PBXFrameworksBuildPhase;
			buildActionMask = 2147483647;
			files = (
			);
			runOnlyForDeploymentPostprocessing = 0;
		};
/* End PBXFrameworksBuildPhase section */

/* Begin PBXGroup section */
		4BA0F67F1C5A5FE70099AAF9 = {
			isa = PBXGroup;
			children = (
				4BA0F68A1C5A5FE70099AAF9 /* Stopwatch */,
				4BA0F69F1C5A5FE70099AAF9 /* StopwatchTests */,
				4BA0F6AA1C5A5FE70099AAF9 /* StopwatchUITests */,
				4BA0F6891C5A5FE70099AAF9 /* Products */,
			);
			sourceTree = "<group>";
		};
		4BA0F6891C5A5FE70099AAF9 /* Products */ = {
			isa = PBXGroup;
			children = (
				4BA0F6881C5A5FE70099AAF9 /* Stopwatch.app */,
				4BA0F69C1C5A5FE70099AAF9 /* StopwatchTests.xctest */,
				4BA0F6A71C5A5FE70099AAF9 /* StopwatchUITests.xctest */,
			);
			name = Products;
			sourceTree = "<group>";
		};
		4BA0F68A1C5A5FE70099AAF9 /* Stopwatch */ = {
			isa = PBXGroup;
			children = (
				4BA0F68B1C5A5FE70099AAF9 /* AppDelegate.swift */,
				4BA0F68D1C5A5FE70099AAF9 /* ViewController.swift */,
				4BA0F68F1C5A5FE70099AAF9 /* Main.storyboard */,
				4BA0F6921C5A5FE70099AAF9 /* Assets.xcassets */,
				4BA0F6941C5A5FE70099AAF9 /* LaunchScreen.storyboard */,
				4BA0F6971C5A5FE70099AAF9 /* Info.plist */,
			);
			path = Stopwatch;
			sourceTree = "<group>";
		};
		4BA0F69F1C5A5FE70099AAF9 /* StopwatchTests */ = {
			isa = PBXGroup;
			children = (
				4BA0F6A01C5A5FE70099AAF9 /* StopwatchTests.swift */,
				4BA0F6A21C5A5FE70099AAF9 /* Info.plist */,
			);
			path = StopwatchTests;
			sourceTree = "<group>";
		};
		4BA0F6AA1C5A5FE70099AAF9 /* StopwatchUITests */ = {
			isa = PBXGroup;
			children = (
				4BA0F6AB1C5A5FE70099AAF9 /* StopwatchUITests.swift */,
				4BA0F6AD1C5A5FE70099AAF9 /* Info.plist */,
			);
			path = StopwatchUITests;
			sourceTree = "<group>";
		};
/* End PBXGroup section */

/* Begin PBXNativeTarget section */
		4BA0F6871C5A5FE70099AAF9 /* Stopwatch */ = {
			isa = PBXNativeTarget;
			buildConfigurationList = 4BA0F6B01C5A5FE70099AAF9 /* Build configuration list for PBXNativeTarget "Stopwatch" */;
			buildPhases = (
				4BA0F6841C5A5FE70099AAF9 /* Sources */,
				4BA0F6851C5A5FE70099AAF9 /* Frameworks */,
				4BA0F6861C5A5FE70099AAF9 /* Resources */,
			);
			buildRules = (
			);
			dependencies = (
			);
			name = Stopwatch;
			productName = Stopwatch;
			productReference = 4BA0F6881C5A5FE70099AAF9 /* Stopwatch.app */;
			productType = "com.apple.product-type.application";
		};
		4BA0F69B1C5A5FE70099AAF9 /* StopwatchTests */ = {
			isa = PBXNativeTarget;
			buildConfigurationList = 4BA0F6B31C5A5FE70099AAF9 /* Build configuration list for PBXNativeTarget "StopwatchTests" */;
			buildPhases = (
				4BA0F6981C5A5FE70099AAF9 /* Sources */,
				4BA0F6991C5A5FE70099AAF9 /* Frameworks */,
				4BA0F69A1C5A5FE70099AAF9 /* Resources */,
			);
			buildRules = (
			);
			dependencies = (
				4BA0F69E1C5A5FE70099AAF9 /* PBXTargetDependency */,
			);
			name = StopwatchTests;
			productName = StopwatchTests;
			productReference = 4BA0F69C1C5A5FE70099AAF9 /* StopwatchTests.xctest */;
			productType = "com.apple.product-type.bundle.unit-test";
		};
		4BA0F6A61C5A5FE70099AAF9 /* StopwatchUITests */ = {
			isa = PBXNativeTarget;
			buildConfigurationList = 4BA0F6B61C5A5FE70099AAF9 /* Build configuration list for PBXNativeTarget "StopwatchUITests" */;
			buildPhases = (
				4BA0F6A31C5A5FE70099AAF9 /* Sources */,
				4BA0F6A41C5A5FE70099AAF9 /* Frameworks */,
				4BA0F6A51C5A5FE70099AAF9 /* Resources */,
			);
			buildRules = (
			);
			dependencies = (
				4BA0F6A91C5A5FE70099AAF9 /* PBXTargetDependency */,
			);
			name = StopwatchUITests;
			productName = StopwatchUITests;
			productReference = 4BA0F6A71C5A5FE70099AAF9 /* StopwatchUITests.xctest */;
			productType = "com.apple.product-type.bundle.ui-testing";
		};
/* End PBXNativeTarget section */

/* Begin PBXProject section */
		4BA0F6801C5A5FE70099AAF9 /* Project object */ = {
			isa = PBXProject;
			attributes = {
				LastSwiftUpdateCheck = 0720;
				LastUpgradeCheck = 0720;
				ORGANIZATIONNAME = "傅珊珊";
				TargetAttributes = {
					4BA0F6871C5A5FE70099AAF9 = {
						CreatedOnToolsVersion = 7.2;
						DevelopmentTeam = F5JL443W8X;
					};
					4BA0F69B1C5A5FE70099AAF9 = {
						CreatedOnToolsVersion = 7.2;
						DevelopmentTeam = F5JL443W8X;
						TestTargetID = 4BA0F6871C5A5FE70099AAF9;
					};
					4BA0F6A61C5A5FE70099AAF9 = {
						CreatedOnToolsVersion = 7.2;
						DevelopmentTeam = F5JL443W8X;
						TestTargetID = 4BA0F6871C5A5FE70099AAF9;
					};
				};
			};
			buildConfigurationList = 4BA0F6831C5A5FE70099AAF9 /* Build configuration list for PBXProject "Stopwatch" */;
			compatibilityVersion = "Xcode 3.2";
			developmentRegion = English;
			hasScannedForEncodings = 0;
			knownRegions = (
				en,
				Base,
			);
			mainGroup = 4BA0F67F1C5A5FE70099AAF9;
			productRefGroup = 4BA0F6891C5A5FE70099AAF9 /* Products */;
			projectDirPath = "";
			projectRoot = "";
			targets = (
				4BA0F6871C5A5FE70099AAF9 /* Stopwatch */,
				4BA0F69B1C5A5FE70099AAF9 /* StopwatchTests */,
				4BA0F6A61C5A5FE70099AAF9 /* StopwatchUITests */,
			);
		};
/* End PBXProject section */

/* Begin PBXResourcesBuildPhase section */
		4BA0F6861C5A5FE70099AAF9 /* Resources */ = {
			isa = PBXResourcesBuildPhase;
			buildActionMask = 2147483647;
			files = (
				4BA0F6961C5A5FE70099AAF9 /* LaunchScreen.storyboard in Resources */,
				4BA0F6931C5A5FE70099AAF9 /* Assets.xcassets in Resources */,
				4BA0F6911C5A5FE70099AAF9 /* Main.storyboard in Resources */,
			);
			runOnlyForDeploymentPostprocessing = 0;
		};
		4BA0F69A1C5A5FE70099AAF9 /* Resources */ = {
			isa = PBXResourcesBuildPhase;
			buildActionMask = 2147483647;
			files = (
			);
			runOnlyForDeploymentPostprocessing = 0;
		};
		4BA0F6A51C5A5FE70099AAF9 /* Resources */ = {
			isa = PBXResourcesBuildPhase;
			buildActionMask = 2147483647;
			files = (
			);
			runOnlyForDeploymentPostprocessing = 0;
		};
/* End PBXResourcesBuildPhase section */

/* Begin PBXSourcesBuildPhase section */
		4BA0F6841C5A5FE70099AAF9 /* Sources */ = {
			isa = PBXSourcesBuildPhase;
			buildActionMask = 2147483647;
			files = (
				4BA0F68E1C5A5FE70099AAF9 /* ViewController.swift in Sources */,
				4BA0F68C1C5A5FE70099AAF9 /* AppDelegate.swift in Sources */,
			);
			runOnlyForDeploymentPostprocessing = 0;
		};
		4BA0F6981C5A5FE70099AAF9 /* Sources */ = {
			isa = PBXSourcesBuildPhase;
			buildActionMask = 2147483647;
			files = (
				4BA0F6A11C5A5FE70099AAF9 /* StopwatchTests.swift in Sources */,
			);
			runOnlyForDeploymentPostprocessing = 0;
		};
		4BA0F6A31C5A5FE70099AAF9 /* Sources */ = {
			isa = PBXSourcesBuildPhase;
			buildActionMask = 2147483647;
			files = (
				4BA0F6AC1C5A5FE70099AAF9 /* StopwatchUITests.swift in Sources */,
			);
			runOnlyForDeploymentPostprocessing = 0;
		};
/* End PBXSourcesBuildPhase section */

/* Begin PBXTargetDependency section */
		4BA0F69E1C5A5FE70099AAF9 /* PBXTargetDependency */ = {
			isa = PBXTargetDependency;
			target = 4BA0F6871C5A5FE70099AAF9 /* Stopwatch */;
			targetProxy = 4BA0F69D1C5A5FE70099AAF9 /* PBXContainerItemProxy */;
		};
		4BA0F6A91C5A5FE70099AAF9 /* PBXTargetDependency */ = {
			isa = PBXTargetDependency;
			target = 4BA0F6871C5A5FE70099AAF9 /* Stopwatch */;
			targetProxy = 4BA0F6A81C5A5FE70099AAF9 /* PBXContainerItemProxy */;
		};
/* End PBXTargetDependency section */

/* Begin PBXVariantGroup section */
		4BA0F68F1C5A5FE70099AAF9 /* Main.storyboard */ = {
			isa = PBXVariantGroup;
			children = (
				4BA0F6901C5A5FE70099AAF9 /* Base */,
			);
			name = Main.storyboard;
			sourceTree = "<group>";
		};
		4BA0F6941C5A5FE70099AAF9 /* LaunchScreen.storyboard */ = {
			isa = PBXVariantGroup;
			children = (
				4BA0F6951C5A5FE70099AAF9 /* Base */,
			);
			name = LaunchScreen.storyboard;
			sourceTree = "<group>";
		};
/* End PBXVariantGroup section */

/* Begin XCBuildConfiguration section */
		4BA0F6AE1C5A5FE70099AAF9 /* Debug */ = {
			isa = XCBuildConfiguration;
			buildSettings = {
				ALWAYS_SEARCH_USER_PATHS = NO;
				CLANG_CXX_LANGUAGE_STANDARD = "gnu++0x";
				CLANG_CXX_LIBRARY = "libc++";
				CLANG_ENABLE_MODULES = YES;
				CLANG_ENABLE_OBJC_ARC = YES;
				CLANG_WARN_BOOL_CONVERSION = YES;
				CLANG_WARN_CONSTANT_CONVERSION = YES;
				CLANG_WARN_DIRECT_OBJC_ISA_USAGE = YES_ERROR;
				CLANG_WARN_EMPTY_BODY = YES;
				CLANG_WARN_ENUM_CONVERSION = YES;
				CLANG_WARN_INT_CONVERSION = YES;
				CLANG_WARN_OBJC_ROOT_CLASS = YES_ERROR;
				CLANG_WARN_UNREACHABLE_CODE = YES;
				CLANG_WARN__DUPLICATE_METHOD_MATCH = YES;
				"CODE_SIGN_IDENTITY[sdk=iphoneos*]" = "iPhone Developer";
				COPY_PHASE_STRIP = NO;
				DEBUG_INFORMATION_FORMAT = dwarf;
				ENABLE_STRICT_OBJC_MSGSEND = YES;
				ENABLE_TESTABILITY = YES;
				GCC_C_LANGUAGE_STANDARD = gnu99;
				GCC_DYNAMIC_NO_PIC = NO;
				GCC_NO_COMMON_BLOCKS = YES;
				GCC_OPTIMIZATION_LEVEL = 0;
				GCC_PREPROCESSOR_DEFINITIONS = (
					"DEBUG=1",
					"$(inherited)",
				);
				GCC_WARN_64_TO_32_BIT_CONVERSION = YES;
				GCC_WARN_ABOUT_RETURN_TYPE = YES_ERROR;
				GCC_WARN_UNDECLARED_SELECTOR = YES;
				GCC_WARN_UNINITIALIZED_AUTOS = YES_AGGRESSIVE;
				GCC_WARN_UNUSED_FUNCTION = YES;
				GCC_WARN_UNUSED_VARIABLE = YES;
				IPHONEOS_DEPLOYMENT_TARGET = 9.2;
				MTL_ENABLE_DEBUG_INFO = YES;
				ONLY_ACTIVE_ARCH = YES;
				SDKROOT = iphoneos;
				SWIFT_OPTIMIZATION_LEVEL = "-Onone";
			};
			name = Debug;
		};
		4BA0F6AF1C5A5FE70099AAF9 /* Release */ = {
			isa = XCBuildConfiguration;
			buildSettings = {
				ALWAYS_SEARCH_USER_PATHS = NO;
				CLANG_CXX_LANGUAGE_STANDARD = "gnu++0x";
				CLANG_CXX_LIBRARY = "libc++";
				CLANG_ENABLE_MODULES = YES;
				CLANG_ENABLE_OBJC_ARC = YES;
				CLANG_WARN_BOOL_CONVERSION = YES;
				CLANG_WARN_CONSTANT_CONVERSION = YES;
				CLANG_WARN_DIRECT_OBJC_ISA_USAGE = YES_ERROR;
				CLANG_WARN_EMPTY_BODY = YES;
				CLANG_WARN_ENUM_CONVERSION = YES;
				CLANG_WARN_INT_CONVERSION = YES;
				CLANG_WARN_OBJC_ROOT_CLASS = YES_ERROR;
				CLANG_WARN_UNREACHABLE_CODE = YES;
				CLANG_WARN__DUPLICATE_METHOD_MATCH = YES;
				"CODE_SIGN_IDENTITY[sdk=iphoneos*]" = "iPhone Developer";
				COPY_PHASE_STRIP = NO;
				DEBUG_INFORMATION_FORMAT = "dwarf-with-dsym";
				ENABLE_NS_ASSERTIONS = NO;
				ENABLE_STRICT_OBJC_MSGSEND = YES;
				GCC_C_LANGUAGE_STANDARD = gnu99;
				GCC_NO_COMMON_BLOCKS = YES;
				GCC_WARN_64_TO_32_BIT_CONVERSION = YES;
				GCC_WARN_ABOUT_RETURN_TYPE = YES_ERROR;
				GCC_WARN_UNDECLARED_SELECTOR = YES;
				GCC_WARN_UNINITIALIZED_AUTOS = YES_AGGRESSIVE;
				GCC_WARN_UNUSED_FUNCTION = YES;
				GCC_WARN_UNUSED_VARIABLE = YES;
				IPHONEOS_DEPLOYMENT_TARGET = 9.2;
				MTL_ENABLE_DEBUG_INFO = NO;
				SDKROOT = iphoneos;
				VALIDATE_PRODUCT = YES;
			};
			name = Release;
		};
		4BA0F6B11C5A5FE70099AAF9 /* Debug */ = {
			isa = XCBuildConfiguration;
			buildSettings = {
				ASSETCATALOG_COMPILER_APPICON_NAME = AppIcon;
				INFOPLIST_FILE = Stopwatch/Info.plist;
				LD_RUNPATH_SEARCH_PATHS = "$(inherited) @executable_path/Frameworks";
				PRODUCT_BUNDLE_IDENTIFIER = com.self.Stopwatch;
				PRODUCT_NAME = "$(TARGET_NAME)";
			};
			name = Debug;
		};
		4BA0F6B21C5A5FE70099AAF9 /* Release */ = {
			isa = XCBuildConfiguration;
			buildSettings = {
				ASSETCATALOG_COMPILER_APPICON_NAME = AppIcon;
				INFOPLIST_FILE = Stopwatch/Info.plist;
				LD_RUNPATH_SEARCH_PATHS = "$(inherited) @executable_path/Frameworks";
				PRODUCT_BUNDLE_IDENTIFIER = com.self.Stopwatch;
				PRODUCT_NAME = "$(TARGET_NAME)";
			};
			name = Release;
		};
		4BA0F6B41C5A5FE70099AAF9 /* Debug */ = {
			isa = XCBuildConfiguration;
			buildSettings = {
				BUNDLE_LOADER = "$(TEST_HOST)";
				INFOPLIST_FILE = StopwatchTests/Info.plist;
				LD_RUNPATH_SEARCH_PATHS = "$(inherited) @executable_path/Frameworks @loader_path/Frameworks";
				PRODUCT_BUNDLE_IDENTIFIER = com.self.StopwatchTests;
				PRODUCT_NAME = "$(TARGET_NAME)";
				TEST_HOST = "$(BUILT_PRODUCTS_DIR)/Stopwatch.app/Stopwatch";
			};
			name = Debug;
		};
		4BA0F6B51C5A5FE70099AAF9 /* Release */ = {
			isa = XCBuildConfiguration;
			buildSettings = {
				BUNDLE_LOADER = "$(TEST_HOST)";
				INFOPLIST_FILE = StopwatchTests/Info.plist;
				LD_RUNPATH_SEARCH_PATHS = "$(inherited) @executable_path/Frameworks @loader_path/Frameworks";
				PRODUCT_BUNDLE_IDENTIFIER = com.self.StopwatchTests;
				PRODUCT_NAME = "$(TARGET_NAME)";
				TEST_HOST = "$(BUILT_PRODUCTS_DIR)/Stopwatch.app/Stopwatch";
			};
			name = Release;
		};
		4BA0F6B71C5A5FE70099AAF9 /* Debug */ = {
			isa = XCBuildConfiguration;
			buildSettings = {
				INFOPLIST_FILE = StopwatchUITests/Info.plist;
				LD_RUNPATH_SEARCH_PATHS = "$(inherited) @executable_path/Frameworks @loader_path/Frameworks";
				PRODUCT_BUNDLE_IDENTIFIER = com.self.StopwatchUITests;
				PRODUCT_NAME = "$(TARGET_NAME)";
				TEST_TARGET_NAME = Stopwatch;
				USES_XCTRUNNER = YES;
			};
			name = Debug;
		};
		4BA0F6B81C5A5FE70099AAF9 /* Release */ = {
			isa = XCBuildConfiguration;
			buildSettings = {
				INFOPLIST_FILE = StopwatchUITests/Info.plist;
				LD_RUNPATH_SEARCH_PATHS = "$(inherited) @executable_path/Frameworks @loader_path/Frameworks";
				PRODUCT_BUNDLE_IDENTIFIER = com.self.StopwatchUITests;
				PRODUCT_NAME = "$(TARGET_NAME)";
				TEST_TARGET_NAME = Stopwatch;
				USES_XCTRUNNER = YES;
			};
			name = Release;
		};
/* End XCBuildConfiguration section */

/* Begin XCConfigurationList section */
		4BA0F6831C5A5FE70099AAF9 /* Build configuration list for PBXProject "Stopwatch" */ = {
			isa = XCConfigurationList;
			buildConfigurations = (
				4BA0F6AE1C5A5FE70099AAF9 /* Debug */,
				4BA0F6AF1C5A5FE70099AAF9 /* Release */,
			);
			defaultConfigurationIsVisible = 0;
			defaultConfigurationName = Release;
		};
		4BA0F6B01C5A5FE70099AAF9 /* Build configuration list for PBXNativeTarget "Stopwatch" */ = {
			isa = XCConfigurationList;
			buildConfigurations = (
				4BA0F6B11C5A5FE70099AAF9 /* Debug */,
				4BA0F6B21C5A5FE70099AAF9 /* Release */,
			);
			defaultConfigurationIsVisible = 0;
		};
		4BA0F6B31C5A5FE70099AAF9 /* Build configuration list for PBXNativeTarget "StopwatchTests" */ = {
			isa = XCConfigurationList;
			buildConfigurations = (
				4BA0F6B41C5A5FE70099AAF9 /* Debug */,
				4BA0F6B51C5A5FE70099AAF9 /* Release */,
			);
			defaultConfigurationIsVisible = 0;
		};
		4BA0F6B61C5A5FE70099AAF9 /* Build configuration list for PBXNativeTarget "StopwatchUITests" */ = {
			isa = XCConfigurationList;
			buildConfigurations = (
				4BA0F6B71C5A5FE70099AAF9 /* Debug */,
				4BA0F6B81C5A5FE70099AAF9 /* Release */,
			);
			defaultConfigurationIsVisible = 0;
		};
/* End XCConfigurationList section */
	};
	rootObject = 4BA0F6801C5A5FE70099AAF9 /* Project object */;
}
